
Microsoft Visual Studio Solution File, Format Version 12.00
# Visual Studio Version 16
VisualStudioVersion = 16.0.34931.43
MinimumVisualStudioVersion = 10.0.40219.1
Project("{FAE04EC0-301F-11D3-BF4B-00C04F79EFBC}") = "prac44", "prac44.csproj", "{AD0D07BB-94A5-4FF6-8EA9-48D9D166F0CD}"
EndProject
Global
	GlobalSection(SolutionConfigurationPlatforms) = preSolution
		Debug|Any CPU = Debug|Any CPU
		Release|Any CPU = Release|Any CPU
	EndGlobalSection
	GlobalSection(ProjectConfigurationPlatforms) = postSolution
		{AD0D07BB-94A5-4FF6-8EA9-48D9D166F0CD}.Debug|Any CPU.ActiveCfg = Debug|Any CPU
		{AD0D07BB-94A5-4FF6-8EA9-48D9D166F0CD}.Debug|Any CPU.Build.0 = Debug|Any CPU
		{AD0D07BB-94A5-4FF6-8EA9-48D9D166F0CD}.Release|Any CPU.ActiveCfg = Release|Any CPU
		{AD0D07BB-94A5-4FF6-8EA9-48D9D166F0CD}.Release|Any CPU.Build.0 = Release|Any CPU
	EndGlobalSection
	GlobalSection(SolutionProperties) = preSolution
		HideSolutionNode = FALSE
	EndGlobalSection
	GlobalSection(ExtensibilityGlobals) = postSolution
		SolutionGuid = {55BD4FBA-EB41-4723-A5D6-9CF56143AE51}
	EndGlobalSection
EndGlobal
